
Microsoft Visual Studio Solution File, Format Version 12.00
# Visual Studio Version 17
VisualStudioVersion = 17.0.32112.339
MinimumVisualStudioVersion = 10.0.40219.1
Project("{888888A0-9F3D-457C-B088-3A5042F75D52}") = "HelloPython", "HelloPython\HelloPython.pyproj", "{DE3049CA-EA27-4F98-9965-9E52F9F55B55}"
EndProject
Global
	GlobalSection(SolutionConfigurationPlatforms) = preSolution
		Debug|Any CPU = Debug|Any CPU
		Release|Any CPU = Release|Any CPU
	EndGlobalSection
	GlobalSection(ProjectConfigurationPlatforms) = postSolution
		{DE3049CA-EA27-4F98-9965-9E52F9F55B55}.Debug|Any CPU.ActiveCfg = Debug|Any CPU
		{DE3049CA-EA27-4F98-9965-9E52F9F55B55}.Debug|Any CPU.Build.0 = Debug|Any CPU
		{DE3049CA-EA27-4F98-9965-9E52F9F55B55}.Release|Any CPU.ActiveCfg = Release|Any CPU
		{DE3049CA-EA27-4F98-9965-9E52F9F55B55}.Release|Any CPU.Build.0 = Release|Any CPU
	EndGlobalSection
	GlobalSection(SolutionProperties) = preSolution
		HideSolutionNode = FALSE
	EndGlobalSection
	GlobalSection(ExtensibilityGlobals) = postSolution
		SolutionGuid = {C883B4DF-4FD4-442F-8848-FB1DC732962C}
	EndGlobalSection
EndGlobal
